// !$*UTF8*$!
{
	archiveVersion = 1;
	classes = {
	};
	objectVersion = 46;
	objects = {

/* Begin PBXBuildFile section */
		3C20136D1F27928B007F406E /* main.m in Sources */ = {isa = PBXBuildFile; fileRef = 3C20136C1F27928B007F406E /* main.m */; };
		3C2013701F27928B007F406E /* AppDelegate.m in Sources */ = {isa = PBXBuildFile; fileRef = 3C20136F1F27928B007F406E /* AppDelegate.m */; };
		3C2013731F27928B007F406E /* MainVC.m in Sources */ = {isa = PBXBuildFile; fileRef = 3C2013721F27928B007F406E /* MainVC.m */; };
		3C2013781F27928B007F406E /* Assets.xcassets in Resources */ = {isa = PBXBuildFile; fileRef = 3C2013771F27928B007F406E /* Assets.xcassets */; };
		3C20137B1F27928B007F406E /* LaunchScreen.storyboard in Resources */ = {isa = PBXBuildFile; fileRef = 3C2013791F27928B007F406E /* LaunchScreen.storyboard */; };
		3C2013901F279445007F406E /* JKCakeView.m in Sources */ = {isa = PBXBuildFile; fileRef = 3C2013851F279445007F406E /* JKCakeView.m */; };
		3C2013911F279445007F406E /* JKColorInfoView.m in Sources */ = {isa = PBXBuildFile; fileRef = 3C2013871F279445007F406E /* JKColorInfoView.m */; };
		3C2013921F279445007F406E /* JKChartView.m in Sources */ = {isa = PBXBuildFile; fileRef = 3C2013891F279445007F406E /* JKChartView.m */; };
		3C2013931F279445007F406E /* JKLineView.m in Sources */ = {isa = PBXBuildFile; fileRef = 3C20138C1F279445007F406E /* JKLineView.m */; };
		3C2013941F279445007F406E /* JKProgressView.m in Sources */ = {isa = PBXBuildFile; fileRef = 3C20138F1F279445007F406E /* JKProgressView.m */; };
		77EF83A91F28751400D237B9 /* screenshot_1.png in Resources */ = {isa = PBXBuildFile; fileRef = 77EF83A61F28751400D237B9 /* screenshot_1.png */; };
		77EF83AA1F28751400D237B9 /* screenshot_2.png in Resources */ = {isa = PBXBuildFile; fileRef = 77EF83A71F28751400D237B9 /* screenshot_2.png */; };
		77EF83AB1F28751400D237B9 /* screenshot_3.png in Resources */ = {isa = PBXBuildFile; fileRef = 77EF83A81F28751400D237B9 /* screenshot_3.png */; };
/* End PBXBuildFile section */

/* Begin PBXFileReference section */
		3C2013681F27928B007F406E /* JKChartView.app */ = {isa = PBXFileReference; explicitFileType = wrapper.application; includeInIndex = 0; path = JKChartView.app; sourceTree = BUILT_PRODUCTS_DIR; };
		3C20136C1F27928B007F406E /* main.m */ = {isa = PBXFileReference; lastKnownFileType = sourcecode.c.objc; path = main.m; sourceTree = "<group>"; };
		3C20136E1F27928B007F406E /* AppDelegate.h */ = {isa = PBXFileReference; lastKnownFileType = sourcecode.c.h; path = AppDelegate.h; sourceTree = "<group>"; };
		3C20136F1F27928B007F406E /* AppDelegate.m */ = {isa = PBXFileReference; lastKnownFileType = sourcecode.c.objc; path = AppDelegate.m; sourceTree = "<group>"; };
		3C2013711F27928B007F406E /* MainVC.h */ = {isa = PBXFileReference; lastKnownFileType = sourcecode.c.h; path = MainVC.h; sourceTree = "<group>"; };
		3C2013721F27928B007F406E /* MainVC.m */ = {isa = PBXFileReference; lastKnownFileType = sourcecode.c.objc; path = MainVC.m; sourceTree = "<group>"; };
		3C2013771F27928B007F406E /* Assets.xcassets */ = {isa = PBXFileReference; lastKnownFileType = folder.assetcatalog; path = Assets.xcassets; sourceTree = "<group>"; };
		3C20137A1F27928B007F406E /* Base */ = {isa = PBXFileReference; lastKnownFileType = file.storyboard; name = Base; path = Base.lproj/LaunchScreen.storyboard; sourceTree = "<group>"; };
		3C20137C1F27928B007F406E /* Info.plist */ = {isa = PBXFileReference; lastKnownFileType = text.plist.xml; path = Info.plist; sourceTree = "<group>"; };
		3C2013841F279445007F406E /* JKCakeView.h */ = {isa = PBXFileReference; fileEncoding = 4; lastKnownFileType = sourcecode.c.h; path = JKCakeView.h; sourceTree = "<group>"; };
		3C2013851F279445007F406E /* JKCakeView.m */ = {isa = PBXFileReference; fileEncoding = 4; lastKnownFileType = sourcecode.c.objc; path = JKCakeView.m; sourceTree = "<group>"; };
		3C2013861F279445007F406E /* JKColorInfoView.h */ = {isa = PBXFileReference; fileEncoding = 4; lastKnownFileType = sourcecode.c.h; path = JKColorInfoView.h; sourceTree = "<group>"; };
		3C2013871F279445007F406E /* JKColorInfoView.m */ = {isa = PBXFileReference; fileEncoding = 4; lastKnownFileType = sourcecode.c.objc; path = JKColorInfoView.m; sourceTree = "<group>"; };
		3C2013881F279445007F406E /* JKChartView.h */ = {isa = PBXFileReference; fileEncoding = 4; lastKnownFileType = sourcecode.c.h; path = JKChartView.h; sourceTree = "<group>"; };
		3C2013891F279445007F406E /* JKChartView.m */ = {isa = PBXFileReference; fileEncoding = 4; lastKnownFileType = sourcecode.c.objc; path = JKChartView.m; sourceTree = "<group>"; };
		3C20138B1F279445007F406E /* JKLineView.h */ = {isa = PBXFileReference; fileEncoding = 4; lastKnownFileType = sourcecode.c.h; path = JKLineView.h; sourceTree = "<group>"; };
		3C20138C1F279445007F406E /* JKLineView.m */ = {isa = PBXFileReference; fileEncoding = 4; lastKnownFileType = sourcecode.c.objc; path = JKLineView.m; sourceTree = "<group>"; };
		3C20138E1F279445007F406E /* JKProgressView.h */ = {isa = PBXFileReference; fileEncoding = 4; lastKnownFileType = sourcecode.c.h; path = JKProgressView.h; sourceTree = "<group>"; };
		3C20138F1F279445007F406E /* JKProgressView.m */ = {isa = PBXFileReference; fileEncoding = 4; lastKnownFileType = sourcecode.c.objc; path = JKProgressView.m; sourceTree = "<group>"; };
		77EF83A61F28751400D237B9 /* screenshot_1.png */ = {isa = PBXFileReference; lastKnownFileType = image.png; path = screenshot_1.png; sourceTree = "<group>"; };
		77EF83A71F28751400D237B9 /* screenshot_2.png */ = {isa = PBXFileReference; lastKnownFileType = image.png; path = screenshot_2.png; sourceTree = "<group>"; };
		77EF83A81F28751400D237B9 /* screenshot_3.png */ = {isa = PBXFileReference; lastKnownFileType = image.png; path = screenshot_3.png; sourceTree = "<group>"; };
/* End PBXFileReference section */

/* Begin PBXFrameworksBuildPhase section */
		3C2013651F27928B007F406E /* Frameworks */ = {
			isa = PBXFrameworksBuildPhase;
			buildActionMask = 2147483647;
			files = (
			);
			runOnlyForDeploymentPostprocessing = 0;
		};
/* End PBXFrameworksBuildPhase section */

/* Begin PBXGroup section */
		3C20135F1F27928B007F406E = {
			isa = PBXGroup;
			children = (
				3C20136A1F27928B007F406E /* JKChartView */,
				3C2013691F27928B007F406E /* Products */,
			);
			sourceTree = "<group>";
		};
		3C2013691F27928B007F406E /* Products */ = {
			isa = PBXGroup;
			children = (
				3C2013681F27928B007F406E /* JKChartView.app */,
			);
			name = Products;
			sourceTree = "<group>";
		};
		3C20136A1F27928B007F406E /* JKChartView */ = {
			isa = PBXGroup;
			children = (
				77EF83A51F28751400D237B9 /* ScreenShots */,
				3C2013821F279445007F406E /* JKChartView */,
				3C20136E1F27928B007F406E /* AppDelegate.h */,
				3C20136F1F27928B007F406E /* AppDelegate.m */,
				3C2013711F27928B007F406E /* MainVC.h */,
				3C2013721F27928B007F406E /* MainVC.m */,
				3C2013771F27928B007F406E /* Assets.xcassets */,
				3C2013791F27928B007F406E /* LaunchScreen.storyboard */,
				3C20137C1F27928B007F406E /* Info.plist */,
				3C20136B1F27928B007F406E /* Supporting Files */,
			);
			path = JKChartView;
			sourceTree = "<group>";
		};
		3C20136B1F27928B007F406E /* Supporting Files */ = {
			isa = PBXGroup;
			children = (
				3C20136C1F27928B007F406E /* main.m */,
			);
			name = "Supporting Files";
			sourceTree = "<group>";
		};
		3C2013821F279445007F406E /* JKChartView */ = {
			isa = PBXGroup;
			children = (
				3C20138A1F279445007F406E /* JKLineView */,
				3C20138D1F279445007F406E /* JKProgressView */,
				3C2013831F279445007F406E /* JKCakeView */,
				3C2013881F279445007F406E /* JKChartView.h */,
				3C2013891F279445007F406E /* JKChartView.m */,
			);
			path = JKChartView;
			sourceTree = "<group>";
		};
		3C2013831F279445007F406E /* JKCakeView */ = {
			isa = PBXGroup;
			children = (
				3C2013841F279445007F406E /* JKCakeView.h */,
				3C2013851F279445007F406E /* JKCakeView.m */,
				3C2013861F279445007F406E /* JKColorInfoView.h */,
				3C2013871F279445007F406E /* JKColorInfoView.m */,
			);
			path = JKCakeView;
			sourceTree = "<group>";
		};
		3C20138A1F279445007F406E /* JKLineView */ = {
			isa = PBXGroup;
			children = (
				3C20138B1F279445007F406E /* JKLineView.h */,
				3C20138C1F279445007F406E /* JKLineView.m */,
			);
			path = JKLineView;
			sourceTree = "<group>";
		};
		3C20138D1F279445007F406E /* JKProgressView */ = {
			isa = PBXGroup;
			children = (
				3C20138E1F279445007F406E /* JKProgressView.h */,
				3C20138F1F279445007F406E /* JKProgressView.m */,
			);
			path = JKProgressView;
			sourceTree = "<group>";
		};
		77EF83A51F28751400D237B9 /* ScreenShots */ = {
			isa = PBXGroup;
			children = (
				77EF83A61F28751400D237B9 /* screenshot_1.png */,
				77EF83A71F28751400D237B9 /* screenshot_2.png */,
				77EF83A81F28751400D237B9 /* screenshot_3.png */,
			);
			path = ScreenShots;
			sourceTree = "<group>";
		};
/* End PBXGroup section */

/* Begin PBXNativeTarget section */
		3C2013671F27928B007F406E /* JKChartView */ = {
			isa = PBXNativeTarget;
			buildConfigurationList = 3C20137F1F27928B007F406E /* Build configuration list for PBXNativeTarget "JKChartView" */;
			buildPhases = (
				3C2013641F27928B007F406E /* Sources */,
				3C2013651F27928B007F406E /* Frameworks */,
				3C2013661F27928B007F406E /* Resources */,
			);
			buildRules = (
			);
			dependencies = (
			);
			name = JKChartView;
			productName = JKChartView;
			productReference = 3C2013681F27928B007F406E /* JKChartView.app */;
			productType = "com.apple.product-type.application";
		};
/* End PBXNativeTarget section */

/* Begin PBXProject section */
		3C2013601F27928B007F406E /* Project object */ = {
			isa = PBXProject;
			attributes = {
				LastUpgradeCheck = 0720;
				ORGANIZATIONNAME = jeoking;
				TargetAttributes = {
					3C2013671F27928B007F406E = {
						CreatedOnToolsVersion = 7.2.1;
					};
				};
			};
			buildConfigurationList = 3C2013631F27928B007F406E /* Build configuration list for PBXProject "JKChartView" */;
			compatibilityVersion = "Xcode 3.2";
			developmentRegion = English;
			hasScannedForEncodings = 0;
			knownRegions = (
				en,
				Base,
			);
			mainGroup = 3C20135F1F27928B007F406E;
			productRefGroup = 3C2013691F27928B007F406E /* Products */;
			projectDirPath = "";
			projectRoot = "";
			targets = (
				3C2013671F27928B007F406E /* JKChartView */,
			);
		};
/* End PBXProject section */

/* Begin PBXResourcesBuildPhase section */
		3C2013661F27928B007F406E /* Resources */ = {
			isa = PBXResourcesBuildPhase;
			buildActionMask = 2147483647;
			files = (
				77EF83A91F28751400D237B9 /* screenshot_1.png in Resources */,
				3C20137B1F27928B007F406E /* LaunchScreen.storyboard in Resources */,
				77EF83AA1F28751400D237B9 /* screenshot_2.png in Resources */,
				77EF83AB1F28751400D237B9 /* screenshot_3.png in Resources */,
				3C2013781F27928B007F406E /* Assets.xcassets in Resources */,
			);
			runOnlyForDeploymentPostprocessing = 0;
		};
/* End PBXResourcesBuildPhase section */

/* Begin PBXSourcesBuildPhase section */
		3C2013641F27928B007F406E /* Sources */ = {
			isa = PBXSourcesBuildPhase;
			buildActionMask = 2147483647;
			files = (
				3C2013941F279445007F406E /* JKProgressView.m in Sources */,
				3C2013731F27928B007F406E /* MainVC.m in Sources */,
				3C2013701F27928B007F406E /* AppDelegate.m in Sources */,
				3C20136D1F27928B007F406E /* main.m in Sources */,
				3C2013911F279445007F406E /* JKColorInfoView.m in Sources */,
				3C2013921F279445007F406E /* JKChartView.m in Sources */,
				3C2013901F279445007F406E /* JKCakeView.m in Sources */,
				3C2013931F279445007F406E /* JKLineView.m in Sources */,
			);
			runOnlyForDeploymentPostprocessing = 0;
		};
/* End PBXSourcesBuildPhase section */

/* Begin PBXVariantGroup section */
		3C2013791F27928B007F406E /* LaunchScreen.storyboard */ = {
			isa = PBXVariantGroup;
			children = (
				3C20137A1F27928B007F406E /* Base */,
			);
			name = LaunchScreen.storyboard;
			sourceTree = "<group>";
		};
/* End PBXVariantGroup section */

/* Begin XCBuildConfiguration section */
		3C20137D1F27928B007F406E /* Debug */ = {
			isa = XCBuildConfiguration;
			buildSettings = {
				ALWAYS_SEARCH_USER_PATHS = NO;
				CLANG_CXX_LANGUAGE_STANDARD = "gnu++0x";
				CLANG_CXX_LIBRARY = "libc++";
				CLANG_ENABLE_MODULES = YES;
				CLANG_ENABLE_OBJC_ARC = YES;
				CLANG_WARN_BOOL_CONVERSION = YES;
				CLANG_WARN_CONSTANT_CONVERSION = YES;
				CLANG_WARN_DIRECT_OBJC_ISA_USAGE = YES_ERROR;
				CLANG_WARN_EMPTY_BODY = YES;
				CLANG_WARN_ENUM_CONVERSION = YES;
				CLANG_WARN_INT_CONVERSION = YES;
				CLANG_WARN_OBJC_ROOT_CLASS = YES_ERROR;
				CLANG_WARN_UNREACHABLE_CODE = YES;
				CLANG_WARN__DUPLICATE_METHOD_MATCH = YES;
				"CODE_SIGN_IDENTITY[sdk=iphoneos*]" = "iPhone Developer";
				COPY_PHASE_STRIP = NO;
				DEBUG_INFORMATION_FORMAT = dwarf;
				ENABLE_STRICT_OBJC_MSGSEND = YES;
				ENABLE_TESTABILITY = YES;
				GCC_C_LANGUAGE_STANDARD = gnu99;
				GCC_DYNAMIC_NO_PIC = NO;
				GCC_NO_COMMON_BLOCKS = YES;
				GCC_OPTIMIZATION_LEVEL = 0;
				GCC_PREPROCESSOR_DEFINITIONS = (
					"DEBUG=1",
					"$(inherited)",
				);
				GCC_WARN_64_TO_32_BIT_CONVERSION = YES;
				GCC_WARN_ABOUT_RETURN_TYPE = YES_ERROR;
				GCC_WARN_UNDECLARED_SELECTOR = YES;
				GCC_WARN_UNINITIALIZED_AUTOS = YES_AGGRESSIVE;
				GCC_WARN_UNUSED_FUNCTION = YES;
				GCC_WARN_UNUSED_VARIABLE = YES;
				IPHONEOS_DEPLOYMENT_TARGET = 9.2;
				MTL_ENABLE_DEBUG_INFO = YES;
				ONLY_ACTIVE_ARCH = YES;
				SDKROOT = iphoneos;
			};
			name = Debug;
		};
		3C20137E1F27928B007F406E /* Release */ = {
			isa = XCBuildConfiguration;
			buildSettings = {
				ALWAYS_SEARCH_USER_PATHS = NO;
				CLANG_CXX_LANGUAGE_STANDARD = "gnu++0x";
				CLANG_CXX_LIBRARY = "libc++";
				CLANG_ENABLE_MODULES = YES;
				CLANG_ENABLE_OBJC_ARC = YES;
				CLANG_WARN_BOOL_CONVERSION = YES;
				CLANG_WARN_CONSTANT_CONVERSION = YES;
				CLANG_WARN_DIRECT_OBJC_ISA_USAGE = YES_ERROR;
				CLANG_WARN_EMPTY_BODY = YES;
				CLANG_WARN_ENUM_CONVERSION = YES;
				CLANG_WARN_INT_CONVERSION = YES;
				CLANG_WARN_OBJC_ROOT_CLASS = YES_ERROR;
				CLANG_WARN_UNREACHABLE_CODE = YES;
				CLANG_WARN__DUPLICATE_METHOD_MATCH = YES;
				"CODE_SIGN_IDENTITY[sdk=iphoneos*]" = "iPhone Developer";
				COPY_PHASE_STRIP = NO;
				DEBUG_INFORMATION_FORMAT = "dwarf-with-dsym";
				ENABLE_NS_ASSERTIONS = NO;
				ENABLE_STRICT_OBJC_MSGSEND = YES;
				GCC_C_LANGUAGE_STANDARD = gnu99;
				GCC_NO_COMMON_BLOCKS = YES;
				GCC_WARN_64_TO_32_BIT_CONVERSION = YES;
				GCC_WARN_ABOUT_RETURN_TYPE = YES_ERROR;
				GCC_WARN_UNDECLARED_SELECTOR = YES;
				GCC_WARN_UNINITIALIZED_AUTOS = YES_AGGRESSIVE;
				GCC_WARN_UNUSED_FUNCTION = YES;
				GCC_WARN_UNUSED_VARIABLE = YES;
				IPHONEOS_DEPLOYMENT_TARGET = 9.2;
				MTL_ENABLE_DEBUG_INFO = NO;
				SDKROOT = iphoneos;
				VALIDATE_PRODUCT = YES;
			};
			name = Release;
		};
		3C2013801F27928B007F406E /* Debug */ = {
			isa = XCBuildConfiguration;
			buildSettings = {
				ASSETCATALOG_COMPILER_APPICON_NAME = AppIcon;
				INFOPLIST_FILE = JKChartView/Info.plist;
				LD_RUNPATH_SEARCH_PATHS = "$(inherited) @executable_path/Frameworks";
				PRODUCT_BUNDLE_IDENTIFIER = com.jeoking.JKChartView;
				PRODUCT_NAME = "$(TARGET_NAME)";
			};
			name = Debug;
		};
		3C2013811F27928B007F406E /* Release */ = {
			isa = XCBuildConfiguration;
			buildSettings = {
				ASSETCATALOG_COMPILER_APPICON_NAME = AppIcon;
				INFOPLIST_FILE = JKChartView/Info.plist;
				LD_RUNPATH_SEARCH_PATHS = "$(inherited) @executable_path/Frameworks";
				PRODUCT_BUNDLE_IDENTIFIER = com.jeoking.JKChartView;
				PRODUCT_NAME = "$(TARGET_NAME)";
			};
			name = Release;
		};
/* End XCBuildConfiguration section */

/* Begin XCConfigurationList section */
		3C2013631F27928B007F406E /* Build configuration list for PBXProject "JKChartView" */ = {
			isa = XCConfigurationList;
			buildConfigurations = (
				3C20137D1F27928B007F406E /* Debug */,
				3C20137E1F27928B007F406E /* Release */,
			);
			defaultConfigurationIsVisible = 0;
			defaultConfigurationName = Release;
		};
		3C20137F1F27928B007F406E /* Build configuration list for PBXNativeTarget "JKChartView" */ = {
			isa = XCConfigurationList;
			buildConfigurations = (
				3C2013801F27928B007F406E /* Debug */,
				3C2013811F27928B007F406E /* Release */,
			);
			defaultConfigurationIsVisible = 0;
			defaultConfigurationName = Release;
		};
/* End XCConfigurationList section */
	};
	rootObject = 3C2013601F27928B007F406E /* Project object */;
}
